
Microsoft Visual Studio Solution File, Format Version 12.00
# Visual Studio Version 16
VisualStudioVersion = 16.0.30114.105
MinimumVisualStudioVersion = 10.0.40219.1
Project("{FAE04EC0-301F-11D3-BF4B-00C04F79EFBC}") = "Versioner", "Versioner\Versioner.csproj", "{1F32628F-157E-437E-B569-40C0B969D198}"
EndProject
Project("{FAE04EC0-301F-11D3-BF4B-00C04F79EFBC}") = "Versioner.Tests", "Versioner.Tests\Versioner.Tests.csproj", "{7796D629-D359-4F0C-9E49-7CCF1DBFC3B3}"
EndProject
Project("{FAE04EC0-301F-11D3-BF4B-00C04F79EFBC}") = "Versioner.Usage", "Versioner.Usage\Versioner.Usage.csproj", "{DD47F645-5867-471F-BF2B-64EB4E620839}"
EndProject
Global
	GlobalSection(SolutionConfigurationPlatforms) = preSolution
		Debug|Any CPU = Debug|Any CPU
		Debug|x64 = Debug|x64
		Debug|x86 = Debug|x86
		Release|Any CPU = Release|Any CPU
		Release|x64 = Release|x64
		Release|x86 = Release|x86
	EndGlobalSection
	GlobalSection(SolutionProperties) = preSolution
		HideSolutionNode = FALSE
	EndGlobalSection
	GlobalSection(ProjectConfigurationPlatforms) = postSolution
		{1F32628F-157E-437E-B569-40C0B969D198}.Debug|Any CPU.ActiveCfg = Debug|Any CPU
		{1F32628F-157E-437E-B569-40C0B969D198}.Debug|Any CPU.Build.0 = Debug|Any CPU
		{1F32628F-157E-437E-B569-40C0B969D198}.Debug|x64.ActiveCfg = Debug|Any CPU
		{1F32628F-157E-437E-B569-40C0B969D198}.Debug|x64.Build.0 = Debug|Any CPU
		{1F32628F-157E-437E-B569-40C0B969D198}.Debug|x86.ActiveCfg = Debug|Any CPU
		{1F32628F-157E-437E-B569-40C0B969D198}.Debug|x86.Build.0 = Debug|Any CPU
		{1F32628F-157E-437E-B569-40C0B969D198}.Release|Any CPU.ActiveCfg = Release|Any CPU
		{1F32628F-157E-437E-B569-40C0B969D198}.Release|Any CPU.Build.0 = Release|Any CPU
		{1F32628F-157E-437E-B569-40C0B969D198}.Release|x64.ActiveCfg = Release|Any CPU
		{1F32628F-157E-437E-B569-40C0B969D198}.Release|x64.Build.0 = Release|Any CPU
		{1F32628F-157E-437E-B569-40C0B969D198}.Release|x86.ActiveCfg = Release|Any CPU
		{1F32628F-157E-437E-B569-40C0B969D198}.Release|x86.Build.0 = Release|Any CPU
		{7796D629-D359-4F0C-9E49-7CCF1DBFC3B3}.Debug|Any CPU.ActiveCfg = Debug|Any CPU
		{7796D629-D359-4F0C-9E49-7CCF1DBFC3B3}.Debug|Any CPU.Build.0 = Debug|Any CPU
		{7796D629-D359-4F0C-9E49-7CCF1DBFC3B3}.Debug|x64.ActiveCfg = Debug|Any CPU
		{7796D629-D359-4F0C-9E49-7CCF1DBFC3B3}.Debug|x64.Build.0 = Debug|Any CPU
		{7796D629-D359-4F0C-9E49-7CCF1DBFC3B3}.Debug|x86.ActiveCfg = Debug|Any CPU
		{7796D629-D359-4F0C-9E49-7CCF1DBFC3B3}.Debug|x86.Build.0 = Debug|Any CPU
		{7796D629-D359-4F0C-9E49-7CCF1DBFC3B3}.Release|Any CPU.ActiveCfg = Release|Any CPU
		{7796D629-D359-4F0C-9E49-7CCF1DBFC3B3}.Release|Any CPU.Build.0 = Release|Any CPU
		{7796D629-D359-4F0C-9E49-7CCF1DBFC3B3}.Release|x64.ActiveCfg = Release|Any CPU
		{7796D629-D359-4F0C-9E49-7CCF1DBFC3B3}.Release|x64.Build.0 = Release|Any CPU
		{7796D629-D359-4F0C-9E49-7CCF1DBFC3B3}.Release|x86.ActiveCfg = Release|Any CPU
		{7796D629-D359-4F0C-9E49-7CCF1DBFC3B3}.Release|x86.Build.0 = Release|Any CPU
		{DD47F645-5867-471F-BF2B-64EB4E620839}.Debug|Any CPU.ActiveCfg = Debug|Any CPU
		{DD47F645-5867-471F-BF2B-64EB4E620839}.Debug|Any CPU.Build.0 = Debug|Any CPU
		{DD47F645-5867-471F-BF2B-64EB4E620839}.Debug|x64.ActiveCfg = Debug|Any CPU
		{DD47F645-5867-471F-BF2B-64EB4E620839}.Debug|x64.Build.0 = Debug|Any CPU
		{DD47F645-5867-471F-BF2B-64EB4E620839}.Debug|x86.ActiveCfg = Debug|Any CPU
		{DD47F645-5867-471F-BF2B-64EB4E620839}.Debug|x86.Build.0 = Debug|Any CPU
		{DD47F645-5867-471F-BF2B-64EB4E620839}.Release|Any CPU.ActiveCfg = Release|Any CPU
		{DD47F645-5867-471F-BF2B-64EB4E620839}.Release|Any CPU.Build.0 = Release|Any CPU
		{DD47F645-5867-471F-BF2B-64EB4E620839}.Release|x64.ActiveCfg = Release|Any CPU
		{DD47F645-5867-471F-BF2B-64EB4E620839}.Release|x64.Build.0 = Release|Any CPU
		{DD47F645-5867-471F-BF2B-64EB4E620839}.Release|x86.ActiveCfg = Release|Any CPU
		{DD47F645-5867-471F-BF2B-64EB4E620839}.Release|x86.Build.0 = Release|Any CPU
	EndGlobalSection
EndGlobal
